// !$*UTF8*$!
{
	archiveVersion = 1;
	classes = {
	};
	objectVersion = 46;
	objects = {

/* Begin PBXBuildFile section */
		C4AFAA451DC89D940094BD1A /* AppDelegate.swift in Sources */ = {isa = PBXBuildFile; fileRef = C4AFAA441DC89D940094BD1A /* AppDelegate.swift */; };
		C4AFAA471DC89D940094BD1A /* ViewController.swift in Sources */ = {isa = PBXBuildFile; fileRef = C4AFAA461DC89D940094BD1A /* ViewController.swift */; };
		C4AFAA4A1DC89D940094BD1A /* Main.storyboard in Resources */ = {isa = PBXBuildFile; fileRef = C4AFAA481DC89D940094BD1A /* Main.storyboard */; };
		C4AFAA4C1DC89D940094BD1A /* Assets.xcassets in Resources */ = {isa = PBXBuildFile; fileRef = C4AFAA4B1DC89D940094BD1A /* Assets.xcassets */; };
		C4AFAA4F1DC89D940094BD1A /* LaunchScreen.storyboard in Resources */ = {isa = PBXBuildFile; fileRef = C4AFAA4D1DC89D940094BD1A /* LaunchScreen.storyboard */; };
		C4AFAA5A1DC89D950094BD1A /* LRIntroducePageDemoTests.swift in Sources */ = {isa = PBXBuildFile; fileRef = C4AFAA591DC89D950094BD1A /* LRIntroducePageDemoTests.swift */; };
		C4AFAA651DC89D950094BD1A /* LRIntroducePageDemoUITests.swift in Sources */ = {isa = PBXBuildFile; fileRef = C4AFAA641DC89D950094BD1A /* LRIntroducePageDemoUITests.swift */; };
/* End PBXBuildFile section */

/* Begin PBXContainerItemProxy section */
		C4AFAA561DC89D950094BD1A /* PBXContainerItemProxy */ = {
			isa = PBXContainerItemProxy;
			containerPortal = C4AFAA391DC89D940094BD1A /* Project object */;
			proxyType = 1;
			remoteGlobalIDString = C4AFAA401DC89D940094BD1A;
			remoteInfo = LRIntroducePageDemo;
		};
		C4AFAA611DC89D950094BD1A /* PBXContainerItemProxy */ = {
			isa = PBXContainerItemProxy;
			containerPortal = C4AFAA391DC89D940094BD1A /* Project object */;
			proxyType = 1;
			remoteGlobalIDString = C4AFAA401DC89D940094BD1A;
			remoteInfo = LRIntroducePageDemo;
		};
/* End PBXContainerItemProxy section */

/* Begin PBXFileReference section */
		C4AFAA411DC89D940094BD1A /* LRIntroducePageDemo.app */ = {isa = PBXFileReference; explicitFileType = wrapper.application; includeInIndex = 0; path = LRIntroducePageDemo.app; sourceTree = BUILT_PRODUCTS_DIR; };
		C4AFAA441DC89D940094BD1A /* AppDelegate.swift */ = {isa = PBXFileReference; lastKnownFileType = sourcecode.swift; path = AppDelegate.swift; sourceTree = "<group>"; };
		C4AFAA461DC89D940094BD1A /* ViewController.swift */ = {isa = PBXFileReference; lastKnownFileType = sourcecode.swift; path = ViewController.swift; sourceTree = "<group>"; };
		C4AFAA491DC89D940094BD1A /* Base */ = {isa = PBXFileReference; lastKnownFileType = file.storyboard; name = Base; path = Base.lproj/Main.storyboard; sourceTree = "<group>"; };
		C4AFAA4B1DC89D940094BD1A /* Assets.xcassets */ = {isa = PBXFileReference; lastKnownFileType = folder.assetcatalog; path = Assets.xcassets; sourceTree = "<group>"; };
		C4AFAA4E1DC89D940094BD1A /* Base */ = {isa = PBXFileReference; lastKnownFileType = file.storyboard; name = Base; path = Base.lproj/LaunchScreen.storyboard; sourceTree = "<group>"; };
		C4AFAA501DC89D940094BD1A /* Info.plist */ = {isa = PBXFileReference; lastKnownFileType = text.plist.xml; path = Info.plist; sourceTree = "<group>"; };
		C4AFAA551DC89D950094BD1A /* LRIntroducePageDemoTests.xctest */ = {isa = PBXFileReference; explicitFileType = wrapper.cfbundle; includeInIndex = 0; path = LRIntroducePageDemoTests.xctest; sourceTree = BUILT_PRODUCTS_DIR; };
		C4AFAA591DC89D950094BD1A /* LRIntroducePageDemoTests.swift */ = {isa = PBXFileReference; lastKnownFileType = sourcecode.swift; path = LRIntroducePageDemoTests.swift; sourceTree = "<group>"; };
		C4AFAA5B1DC89D950094BD1A /* Info.plist */ = {isa = PBXFileReference; lastKnownFileType = text.plist.xml; path = Info.plist; sourceTree = "<group>"; };
		C4AFAA601DC89D950094BD1A /* LRIntroducePageDemoUITests.xctest */ = {isa = PBXFileReference; explicitFileType = wrapper.cfbundle; includeInIndex = 0; path = LRIntroducePageDemoUITests.xctest; sourceTree = BUILT_PRODUCTS_DIR; };
		C4AFAA641DC89D950094BD1A /* LRIntroducePageDemoUITests.swift */ = {isa = PBXFileReference; lastKnownFileType = sourcecode.swift; path = LRIntroducePageDemoUITests.swift; sourceTree = "<group>"; };
		C4AFAA661DC89D950094BD1A /* Info.plist */ = {isa = PBXFileReference; lastKnownFileType = text.plist.xml; path = Info.plist; sourceTree = "<group>"; };
/* End PBXFileReference section */

/* Begin PBXFrameworksBuildPhase section */
		C4AFAA3E1DC89D940094BD1A /* Frameworks */ = {
			isa = PBXFrameworksBuildPhase;
			buildActionMask = 2147483647;
			files = (
			);
			runOnlyForDeploymentPostprocessing = 0;
		};
		C4AFAA521DC89D950094BD1A /* Frameworks */ = {
			isa = PBXFrameworksBuildPhase;
			buildActionMask = 2147483647;
			files = (
			);
			runOnlyForDeploymentPostprocessing = 0;
		};
		C4AFAA5D1DC89D950094BD1A /* Frameworks */ = {
			isa = PBXFrameworksBuildPhase;
			buildActionMask = 2147483647;
			files = (
			);
			runOnlyForDeploymentPostprocessing = 0;
		};
/* End PBXFrameworksBuildPhase section */

/* Begin PBXGroup section */
		C4AFAA381DC89D940094BD1A = {
			isa = PBXGroup;
			children = (
				C4AFAA431DC89D940094BD1A /* LRIntroducePageDemo */,
				C4AFAA581DC89D950094BD1A /* LRIntroducePageDemoTests */,
				C4AFAA631DC89D950094BD1A /* LRIntroducePageDemoUITests */,
				C4AFAA421DC89D940094BD1A /* Products */,
			);
			sourceTree = "<group>";
		};
		C4AFAA421DC89D940094BD1A /* Products */ = {
			isa = PBXGroup;
			children = (
				C4AFAA411DC89D940094BD1A /* LRIntroducePageDemo.app */,
				C4AFAA551DC89D950094BD1A /* LRIntroducePageDemoTests.xctest */,
				C4AFAA601DC89D950094BD1A /* LRIntroducePageDemoUITests.xctest */,
			);
			name = Products;
			sourceTree = "<group>";
		};
		C4AFAA431DC89D940094BD1A /* LRIntroducePageDemo */ = {
			isa = PBXGroup;
			children = (
				C4AFAA441DC89D940094BD1A /* AppDelegate.swift */,
				C4AFAA461DC89D940094BD1A /* ViewController.swift */,
				C4AFAA481DC89D940094BD1A /* Main.storyboard */,
				C4AFAA4B1DC89D940094BD1A /* Assets.xcassets */,
				C4AFAA4D1DC89D940094BD1A /* LaunchScreen.storyboard */,
				C4AFAA501DC89D940094BD1A /* Info.plist */,
			);
			path = LRIntroducePageDemo;
			sourceTree = "<group>";
		};
		C4AFAA581DC89D950094BD1A /* LRIntroducePageDemoTests */ = {
			isa = PBXGroup;
			children = (
				C4AFAA591DC89D950094BD1A /* LRIntroducePageDemoTests.swift */,
				C4AFAA5B1DC89D950094BD1A /* Info.plist */,
			);
			path = LRIntroducePageDemoTests;
			sourceTree = "<group>";
		};
		C4AFAA631DC89D950094BD1A /* LRIntroducePageDemoUITests */ = {
			isa = PBXGroup;
			children = (
				C4AFAA641DC89D950094BD1A /* LRIntroducePageDemoUITests.swift */,
				C4AFAA661DC89D950094BD1A /* Info.plist */,
			);
			path = LRIntroducePageDemoUITests;
			sourceTree = "<group>";
		};
/* End PBXGroup section */

/* Begin PBXNativeTarget section */
		C4AFAA401DC89D940094BD1A /* LRIntroducePageDemo */ = {
			isa = PBXNativeTarget;
			buildConfigurationList = C4AFAA691DC89D950094BD1A /* Build configuration list for PBXNativeTarget "LRIntroducePageDemo" */;
			buildPhases = (
				C4AFAA3D1DC89D940094BD1A /* Sources */,
				C4AFAA3E1DC89D940094BD1A /* Frameworks */,
				C4AFAA3F1DC89D940094BD1A /* Resources */,
			);
			buildRules = (
			);
			dependencies = (
			);
			name = LRIntroducePageDemo;
			productName = LRIntroducePageDemo;
			productReference = C4AFAA411DC89D940094BD1A /* LRIntroducePageDemo.app */;
			productType = "com.apple.product-type.application";
		};
		C4AFAA541DC89D950094BD1A /* LRIntroducePageDemoTests */ = {
			isa = PBXNativeTarget;
			buildConfigurationList = C4AFAA6C1DC89D950094BD1A /* Build configuration list for PBXNativeTarget "LRIntroducePageDemoTests" */;
			buildPhases = (
				C4AFAA511DC89D950094BD1A /* Sources */,
				C4AFAA521DC89D950094BD1A /* Frameworks */,
				C4AFAA531DC89D950094BD1A /* Resources */,
			);
			buildRules = (
			);
			dependencies = (
				C4AFAA571DC89D950094BD1A /* PBXTargetDependency */,
			);
			name = LRIntroducePageDemoTests;
			productName = LRIntroducePageDemoTests;
			productReference = C4AFAA551DC89D950094BD1A /* LRIntroducePageDemoTests.xctest */;
			productType = "com.apple.product-type.bundle.unit-test";
		};
		C4AFAA5F1DC89D950094BD1A /* LRIntroducePageDemoUITests */ = {
			isa = PBXNativeTarget;
			buildConfigurationList = C4AFAA6F1DC89D950094BD1A /* Build configuration list for PBXNativeTarget "LRIntroducePageDemoUITests" */;
			buildPhases = (
				C4AFAA5C1DC89D950094BD1A /* Sources */,
				C4AFAA5D1DC89D950094BD1A /* Frameworks */,
				C4AFAA5E1DC89D950094BD1A /* Resources */,
			);
			buildRules = (
			);
			dependencies = (
				C4AFAA621DC89D950094BD1A /* PBXTargetDependency */,
			);
			name = LRIntroducePageDemoUITests;
			productName = LRIntroducePageDemoUITests;
			productReference = C4AFAA601DC89D950094BD1A /* LRIntroducePageDemoUITests.xctest */;
			productType = "com.apple.product-type.bundle.ui-testing";
		};
/* End PBXNativeTarget section */

/* Begin PBXProject section */
		C4AFAA391DC89D940094BD1A /* Project object */ = {
			isa = PBXProject;
			attributes = {
				LastSwiftUpdateCheck = 0800;
				LastUpgradeCheck = 0800;
				ORGANIZATIONNAME = "李瑞";
				TargetAttributes = {
					C4AFAA401DC89D940094BD1A = {
						CreatedOnToolsVersion = 8.0;
						DevelopmentTeam = EUFBE7VVMQ;
						ProvisioningStyle = Automatic;
					};
					C4AFAA541DC89D950094BD1A = {
						CreatedOnToolsVersion = 8.0;
						DevelopmentTeam = EUFBE7VVMQ;
						ProvisioningStyle = Automatic;
						TestTargetID = C4AFAA401DC89D940094BD1A;
					};
					C4AFAA5F1DC89D950094BD1A = {
						CreatedOnToolsVersion = 8.0;
						DevelopmentTeam = EUFBE7VVMQ;
						ProvisioningStyle = Automatic;
						TestTargetID = C4AFAA401DC89D940094BD1A;
					};
				};
			};
			buildConfigurationList = C4AFAA3C1DC89D940094BD1A /* Build configuration list for PBXProject "LRIntroducePageDemo" */;
			compatibilityVersion = "Xcode 3.2";
			developmentRegion = English;
			hasScannedForEncodings = 0;
			knownRegions = (
				en,
				Base,
			);
			mainGroup = C4AFAA381DC89D940094BD1A;
			productRefGroup = C4AFAA421DC89D940094BD1A /* Products */;
			projectDirPath = "";
			projectRoot = "";
			targets = (
				C4AFAA401DC89D940094BD1A /* LRIntroducePageDemo */,
				C4AFAA541DC89D950094BD1A /* LRIntroducePageDemoTests */,
				C4AFAA5F1DC89D950094BD1A /* LRIntroducePageDemoUITests */,
			);
		};
/* End PBXProject section */

/* Begin PBXResourcesBuildPhase section */
		C4AFAA3F1DC89D940094BD1A /* Resources */ = {
			isa = PBXResourcesBuildPhase;
			buildActionMask = 2147483647;
			files = (
				C4AFAA4F1DC89D940094BD1A /* LaunchScreen.storyboard in Resources */,
				C4AFAA4C1DC89D940094BD1A /* Assets.xcassets in Resources */,
				C4AFAA4A1DC89D940094BD1A /* Main.storyboard in Resources */,
			);
			runOnlyForDeploymentPostprocessing = 0;
		};
		C4AFAA531DC89D950094BD1A /* Resources */ = {
			isa = PBXResourcesBuildPhase;
			buildActionMask = 2147483647;
			files = (
			);
			runOnlyForDeploymentPostprocessing = 0;
		};
		C4AFAA5E1DC89D950094BD1A /* Resources */ = {
			isa = PBXResourcesBuildPhase;
			buildActionMask = 2147483647;
			files = (
			);
			runOnlyForDeploymentPostprocessing = 0;
		};
/* End PBXResourcesBuildPhase section */

/* Begin PBXSourcesBuildPhase section */
		C4AFAA3D1DC89D940094BD1A /* Sources */ = {
			isa = PBXSourcesBuildPhase;
			buildActionMask = 2147483647;
			files = (
				C4AFAA471DC89D940094BD1A /* ViewController.swift in Sources */,
				C4AFAA451DC89D940094BD1A /* AppDelegate.swift in Sources */,
			);
			runOnlyForDeploymentPostprocessing = 0;
		};
		C4AFAA511DC89D950094BD1A /* Sources */ = {
			isa = PBXSourcesBuildPhase;
			buildActionMask = 2147483647;
			files = (
				C4AFAA5A1DC89D950094BD1A /* LRIntroducePageDemoTests.swift in Sources */,
			);
			runOnlyForDeploymentPostprocessing = 0;
		};
		C4AFAA5C1DC89D950094BD1A /* Sources */ = {
			isa = PBXSourcesBuildPhase;
			buildActionMask = 2147483647;
			files = (
				C4AFAA651DC89D950094BD1A /* LRIntroducePageDemoUITests.swift in Sources */,
			);
			runOnlyForDeploymentPostprocessing = 0;
		};
/* End PBXSourcesBuildPhase section */

/* Begin PBXTargetDependency section */
		C4AFAA571DC89D950094BD1A /* PBXTargetDependency */ = {
			isa = PBXTargetDependency;
			target = C4AFAA401DC89D940094BD1A /* LRIntroducePageDemo */;
			targetProxy = C4AFAA561DC89D950094BD1A /* PBXContainerItemProxy */;
		};
		C4AFAA621DC89D950094BD1A /* PBXTargetDependency */ = {
			isa = PBXTargetDependency;
			target = C4AFAA401DC89D940094BD1A /* LRIntroducePageDemo */;
			targetProxy = C4AFAA611DC89D950094BD1A /* PBXContainerItemProxy */;
		};
/* End PBXTargetDependency section */

/* Begin PBXVariantGroup section */
		C4AFAA481DC89D940094BD1A /* Main.storyboard */ = {
			isa = PBXVariantGroup;
			children = (
				C4AFAA491DC89D940094BD1A /* Base */,
			);
			name = Main.storyboard;
			sourceTree = "<group>";
		};
		C4AFAA4D1DC89D940094BD1A /* LaunchScreen.storyboard */ = {
			isa = PBXVariantGroup;
			children = (
				C4AFAA4E1DC89D940094BD1A /* Base */,
			);
			name = LaunchScreen.storyboard;
			sourceTree = "<group>";
		};
/* End PBXVariantGroup section */

/* Begin XCBuildConfiguration section */
		C4AFAA671DC89D950094BD1A /* Debug */ = {
			isa = XCBuildConfiguration;
			buildSettings = {
				ALWAYS_SEARCH_USER_PATHS = NO;
				CLANG_ANALYZER_NONNULL = YES;
				CLANG_CXX_LANGUAGE_STANDARD = "gnu++0x";
				CLANG_CXX_LIBRARY = "libc++";
				CLANG_ENABLE_MODULES = YES;
				CLANG_ENABLE_OBJC_ARC = YES;
				CLANG_WARN_BOOL_CONVERSION = YES;
				CLANG_WARN_CONSTANT_CONVERSION = YES;
				CLANG_WARN_DIRECT_OBJC_ISA_USAGE = YES_ERROR;
				CLANG_WARN_DOCUMENTATION_COMMENTS = YES;
				CLANG_WARN_EMPTY_BODY = YES;
				CLANG_WARN_ENUM_CONVERSION = YES;
				CLANG_WARN_INFINITE_RECURSION = YES;
				CLANG_WARN_INT_CONVERSION = YES;
				CLANG_WARN_OBJC_ROOT_CLASS = YES_ERROR;
				CLANG_WARN_SUSPICIOUS_MOVES = YES;
				CLANG_WARN_UNREACHABLE_CODE = YES;
				CLANG_WARN__DUPLICATE_METHOD_MATCH = YES;
				"CODE_SIGN_IDENTITY[sdk=iphoneos*]" = "iPhone Developer";
				COPY_PHASE_STRIP = NO;
				DEBUG_INFORMATION_FORMAT = dwarf;
				ENABLE_STRICT_OBJC_MSGSEND = YES;
				ENABLE_TESTABILITY = YES;
				GCC_C_LANGUAGE_STANDARD = gnu99;
				GCC_DYNAMIC_NO_PIC = NO;
				GCC_NO_COMMON_BLOCKS = YES;
				GCC_OPTIMIZATION_LEVEL = 0;
				GCC_PREPROCESSOR_DEFINITIONS = (
					"DEBUG=1",
					"$(inherited)",
				);
				GCC_WARN_64_TO_32_BIT_CONVERSION = YES;
				GCC_WARN_ABOUT_RETURN_TYPE = YES_ERROR;
				GCC_WARN_UNDECLARED_SELECTOR = YES;
				GCC_WARN_UNINITIALIZED_AUTOS = YES_AGGRESSIVE;
				GCC_WARN_UNUSED_FUNCTION = YES;
				GCC_WARN_UNUSED_VARIABLE = YES;
				IPHONEOS_DEPLOYMENT_TARGET = 10.0;
				MTL_ENABLE_DEBUG_INFO = YES;
				ONLY_ACTIVE_ARCH = YES;
				SDKROOT = iphoneos;
				SWIFT_ACTIVE_COMPILATION_CONDITIONS = DEBUG;
				SWIFT_OPTIMIZATION_LEVEL = "-Onone";
			};
			name = Debug;
		};
		C4AFAA681DC89D950094BD1A /* Release */ = {
			isa = XCBuildConfiguration;
			buildSettings = {
				ALWAYS_SEARCH_USER_PATHS = NO;
				CLANG_ANALYZER_NONNULL = YES;
				CLANG_CXX_LANGUAGE_STANDARD = "gnu++0x";
				CLANG_CXX_LIBRARY = "libc++";
				CLANG_ENABLE_MODULES = YES;
				CLANG_ENABLE_OBJC_ARC = YES;
				CLANG_WARN_BOOL_CONVERSION = YES;
				CLANG_WARN_CONSTANT_CONVERSION = YES;
				CLANG_WARN_DIRECT_OBJC_ISA_USAGE = YES_ERROR;
				CLANG_WARN_DOCUMENTATION_COMMENTS = YES;
				CLANG_WARN_EMPTY_BODY = YES;
				CLANG_WARN_ENUM_CONVERSION = YES;
				CLANG_WARN_INFINITE_RECURSION = YES;
				CLANG_WARN_INT_CONVERSION = YES;
				CLANG_WARN_OBJC_ROOT_CLASS = YES_ERROR;
				CLANG_WARN_SUSPICIOUS_MOVES = YES;
				CLANG_WARN_UNREACHABLE_CODE = YES;
				CLANG_WARN__DUPLICATE_METHOD_MATCH = YES;
				"CODE_SIGN_IDENTITY[sdk=iphoneos*]" = "iPhone Developer";
				COPY_PHASE_STRIP = NO;
				DEBUG_INFORMATION_FORMAT = "dwarf-with-dsym";
				ENABLE_NS_ASSERTIONS = NO;
				ENABLE_STRICT_OBJC_MSGSEND = YES;
				GCC_C_LANGUAGE_STANDARD = gnu99;
				GCC_NO_COMMON_BLOCKS = YES;
				GCC_WARN_64_TO_32_BIT_CONVERSION = YES;
				GCC_WARN_ABOUT_RETURN_TYPE = YES_ERROR;
				GCC_WARN_UNDECLARED_SELECTOR = YES;
				GCC_WARN_UNINITIALIZED_AUTOS = YES_AGGRESSIVE;
				GCC_WARN_UNUSED_FUNCTION = YES;
				GCC_WARN_UNUSED_VARIABLE = YES;
				IPHONEOS_DEPLOYMENT_TARGET = 10.0;
				MTL_ENABLE_DEBUG_INFO = NO;
				SDKROOT = iphoneos;
				SWIFT_OPTIMIZATION_LEVEL = "-Owholemodule";
				VALIDATE_PRODUCT = YES;
			};
			name = Release;
		};
		C4AFAA6A1DC89D950094BD1A /* Debug */ = {
			isa = XCBuildConfiguration;
			buildSettings = {
				ASSETCATALOG_COMPILER_APPICON_NAME = AppIcon;
				DEVELOPMENT_TEAM = EUFBE7VVMQ;
				INFOPLIST_FILE = LRIntroducePageDemo/Info.plist;
				LD_RUNPATH_SEARCH_PATHS = "$(inherited) @executable_path/Frameworks";
				PRODUCT_BUNDLE_IDENTIFIER = com.leeray.www.LRIntroducePageDemo;
				PRODUCT_NAME = "$(TARGET_NAME)";
				SWIFT_VERSION = 3.0;
			};
			name = Debug;
		};
		C4AFAA6B1DC89D950094BD1A /* Release */ = {
			isa = XCBuildConfiguration;
			buildSettings = {
				ASSETCATALOG_COMPILER_APPICON_NAME = AppIcon;
				DEVELOPMENT_TEAM = EUFBE7VVMQ;
				INFOPLIST_FILE = LRIntroducePageDemo/Info.plist;
				LD_RUNPATH_SEARCH_PATHS = "$(inherited) @executable_path/Frameworks";
				PRODUCT_BUNDLE_IDENTIFIER = com.leeray.www.LRIntroducePageDemo;
				PRODUCT_NAME = "$(TARGET_NAME)";
				SWIFT_VERSION = 3.0;
			};
			name = Release;
		};
		C4AFAA6D1DC89D950094BD1A /* Debug */ = {
			isa = XCBuildConfiguration;
			buildSettings = {
				ALWAYS_EMBED_SWIFT_STANDARD_LIBRARIES = YES;
				BUNDLE_LOADER = "$(TEST_HOST)";
				DEVELOPMENT_TEAM = EUFBE7VVMQ;
				INFOPLIST_FILE = LRIntroducePageDemoTests/Info.plist;
				LD_RUNPATH_SEARCH_PATHS = "$(inherited) @executable_path/Frameworks @loader_path/Frameworks";
				PRODUCT_BUNDLE_IDENTIFIER = com.leeray.www.LRIntroducePageDemoTests;
				PRODUCT_NAME = "$(TARGET_NAME)";
				SWIFT_VERSION = 3.0;
				TEST_HOST = "$(BUILT_PRODUCTS_DIR)/LRIntroducePageDemo.app/LRIntroducePageDemo";
			};
			name = Debug;
		};
		C4AFAA6E1DC89D950094BD1A /* Release */ = {
			isa = XCBuildConfiguration;
			buildSettings = {
				ALWAYS_EMBED_SWIFT_STANDARD_LIBRARIES = YES;
				BUNDLE_LOADER = "$(TEST_HOST)";
				DEVELOPMENT_TEAM = EUFBE7VVMQ;
				INFOPLIST_FILE = LRIntroducePageDemoTests/Info.plist;
				LD_RUNPATH_SEARCH_PATHS = "$(inherited) @executable_path/Frameworks @loader_path/Frameworks";
				PRODUCT_BUNDLE_IDENTIFIER = com.leeray.www.LRIntroducePageDemoTests;
				PRODUCT_NAME = "$(TARGET_NAME)";
				SWIFT_VERSION = 3.0;
				TEST_HOST = "$(BUILT_PRODUCTS_DIR)/LRIntroducePageDemo.app/LRIntroducePageDemo";
			};
			name = Release;
		};
		C4AFAA701DC89D950094BD1A /* Debug */ = {
			isa = XCBuildConfiguration;
			buildSettings = {
				ALWAYS_EMBED_SWIFT_STANDARD_LIBRARIES = YES;
				DEVELOPMENT_TEAM = EUFBE7VVMQ;
				INFOPLIST_FILE = LRIntroducePageDemoUITests/Info.plist;
				LD_RUNPATH_SEARCH_PATHS = "$(inherited) @executable_path/Frameworks @loader_path/Frameworks";
				PRODUCT_BUNDLE_IDENTIFIER = com.leeray.www.LRIntroducePageDemoUITests;
				PRODUCT_NAME = "$(TARGET_NAME)";
				SWIFT_VERSION = 3.0;
				TEST_TARGET_NAME = LRIntroducePageDemo;
			};
			name = Debug;
		};
		C4AFAA711DC89D950094BD1A /* Release */ = {
			isa = XCBuildConfiguration;
			buildSettings = {
				ALWAYS_EMBED_SWIFT_STANDARD_LIBRARIES = YES;
				DEVELOPMENT_TEAM = EUFBE7VVMQ;
				INFOPLIST_FILE = LRIntroducePageDemoUITests/Info.plist;
				LD_RUNPATH_SEARCH_PATHS = "$(inherited) @executable_path/Frameworks @loader_path/Frameworks";
				PRODUCT_BUNDLE_IDENTIFIER = com.leeray.www.LRIntroducePageDemoUITests;
				PRODUCT_NAME = "$(TARGET_NAME)";
				SWIFT_VERSION = 3.0;
				TEST_TARGET_NAME = LRIntroducePageDemo;
			};
			name = Release;
		};
/* End XCBuildConfiguration section */

/* Begin XCConfigurationList section */
		C4AFAA3C1DC89D940094BD1A /* Build configuration list for PBXProject "LRIntroducePageDemo" */ = {
			isa = XCConfigurationList;
			buildConfigurations = (
				C4AFAA671DC89D950094BD1A /* Debug */,
				C4AFAA681DC89D950094BD1A /* Release */,
			);
			defaultConfigurationIsVisible = 0;
			defaultConfigurationName = Release;
		};
		C4AFAA691DC89D950094BD1A /* Build configuration list for PBXNativeTarget "LRIntroducePageDemo" */ = {
			isa = XCConfigurationList;
			buildConfigurations = (
				C4AFAA6A1DC89D950094BD1A /* Debug */,
				C4AFAA6B1DC89D950094BD1A /* Release */,
			);
			defaultConfigurationIsVisible = 0;
		};
		C4AFAA6C1DC89D950094BD1A /* Build configuration list for PBXNativeTarget "LRIntroducePageDemoTests" */ = {
			isa = XCConfigurationList;
			buildConfigurations = (
				C4AFAA6D1DC89D950094BD1A /* Debug */,
				C4AFAA6E1DC89D950094BD1A /* Release */,
			);
			defaultConfigurationIsVisible = 0;
		};
		C4AFAA6F1DC89D950094BD1A /* Build configuration list for PBXNativeTarget "LRIntroducePageDemoUITests" */ = {
			isa = XCConfigurationList;
			buildConfigurations = (
				C4AFAA701DC89D950094BD1A /* Debug */,
				C4AFAA711DC89D950094BD1A /* Release */,
			);
			defaultConfigurationIsVisible = 0;
		};
/* End XCConfigurationList section */
	};
	rootObject = C4AFAA391DC89D940094BD1A /* Project object */;
}
